
Microsoft Visual Studio Solution File, Format Version 12.00
# Visual Studio Version 17
VisualStudioVersion = 17.10.34928.147
MinimumVisualStudioVersion = 10.0.40219.1
Project("{FAE04EC0-301F-11D3-BF4B-00C04F79EFBC}") = "Plugin.Maui.LatestVersion", "Plugin.Maui.LatestVersion\Plugin.Maui.LatestVersion.csproj", "{0C6245E1-5CC8-442E-BCD4-6133BC3F6B5B}"
EndProject
Global
	GlobalSection(SolutionConfigurationPlatforms) = preSolution
		Debug|Any CPU = Debug|Any CPU
		Debug|x64 = Debug|x64
		Debug|x86 = Debug|x86
		Release|Any CPU = Release|Any CPU
		Release|x64 = Release|x64
		Release|x86 = Release|x86
	EndGlobalSection
	GlobalSection(ProjectConfigurationPlatforms) = postSolution
		{87C79A4C-962E-4974-857C-CDB741FF7264}.Debug|Any CPU.ActiveCfg = Debug|Any CPU
		{87C79A4C-962E-4974-857C-CDB741FF7264}.Debug|Any CPU.Build.0 = Debug|Any CPU
		{87C79A4C-962E-4974-857C-CDB741FF7264}.Debug|Any CPU.Deploy.0 = Debug|Any CPU
		{87C79A4C-962E-4974-857C-CDB741FF7264}.Debug|x64.ActiveCfg = Debug|Any CPU
		{87C79A4C-962E-4974-857C-CDB741FF7264}.Debug|x64.Build.0 = Debug|Any CPU
		{87C79A4C-962E-4974-857C-CDB741FF7264}.Debug|x86.ActiveCfg = Debug|Any CPU
		{87C79A4C-962E-4974-857C-CDB741FF7264}.Debug|x86.Build.0 = Debug|Any CPU
		{87C79A4C-962E-4974-857C-CDB741FF7264}.Release|Any CPU.ActiveCfg = Release|Any CPU
		{87C79A4C-962E-4974-857C-CDB741FF7264}.Release|Any CPU.Build.0 = Release|Any CPU
		{87C79A4C-962E-4974-857C-CDB741FF7264}.Release|x64.ActiveCfg = Release|Any CPU
		{87C79A4C-962E-4974-857C-CDB741FF7264}.Release|x64.Build.0 = Release|Any CPU
		{87C79A4C-962E-4974-857C-CDB741FF7264}.Release|x86.ActiveCfg = Release|Any CPU
		{87C79A4C-962E-4974-857C-CDB741FF7264}.Release|x86.Build.0 = Release|Any CPU
		{0C6245E1-5CC8-442E-BCD4-6133BC3F6B5B}.Debug|Any CPU.ActiveCfg = Debug|Any CPU
		{0C6245E1-5CC8-442E-BCD4-6133BC3F6B5B}.Debug|Any CPU.Build.0 = Debug|Any CPU
		{0C6245E1-5CC8-442E-BCD4-6133BC3F6B5B}.Debug|x64.ActiveCfg = Debug|Any CPU
		{0C6245E1-5CC8-442E-BCD4-6133BC3F6B5B}.Debug|x64.Build.0 = Debug|Any CPU
		{0C6245E1-5CC8-442E-BCD4-6133BC3F6B5B}.Debug|x86.ActiveCfg = Debug|Any CPU
		{0C6245E1-5CC8-442E-BCD4-6133BC3F6B5B}.Debug|x86.Build.0 = Debug|Any CPU
		{0C6245E1-5CC8-442E-BCD4-6133BC3F6B5B}.Release|Any CPU.ActiveCfg = Release|Any CPU
		{0C6245E1-5CC8-442E-BCD4-6133BC3F6B5B}.Release|Any CPU.Build.0 = Release|Any CPU
		{0C6245E1-5CC8-442E-BCD4-6133BC3F6B5B}.Release|x64.ActiveCfg = Release|Any CPU
		{0C6245E1-5CC8-442E-BCD4-6133BC3F6B5B}.Release|x64.Build.0 = Release|Any CPU
		{0C6245E1-5CC8-442E-BCD4-6133BC3F6B5B}.Release|x86.ActiveCfg = Release|Any CPU
		{0C6245E1-5CC8-442E-BCD4-6133BC3F6B5B}.Release|x86.Build.0 = Release|Any CPU
	EndGlobalSection
	GlobalSection(SolutionProperties) = preSolution
		HideSolutionNode = FALSE
	EndGlobalSection
	GlobalSection(ExtensibilityGlobals) = postSolution
		SolutionGuid = {9C2E15A4-2A40-4C2F-B130-BFD616183BF8}
	EndGlobalSection
EndGlobal
